<?xml version="1.0" encoding="utf-8"?>
<Project ToolsVersion="4.0" xmlns="http://schemas.microsoft.com/developer/msbuild/2003">
  <ItemGroup>
    <Filter Include="Source files">
      <UniqueIdentifier>{505adb02-b5d9-447f-9016-fd1420f3c18c}</UniqueIdentifier>
      <Extensions>cpp;c;cc;cxx;def;odl;idl;hpj;bat;asm;asmx</Extensions>
    </Filter>
    <Filter Include="Header files">
      <UniqueIdentifier>{eb0be583-df28-4ca7-80c0-421984356e8c}</UniqueIdentifier>
      <Extensions>h;hpp;hxx;hm;inl;inc;xsd</Extensions>
    </Filter>
    <Filter Include="Resource files">
      <UniqueIdentifier>{14aef905-6b84-42f7-9899-41922b707959}</UniqueIdentifier>
      <Extensions>rc;ico;cur;bmp;dlg;rc2;rct;bin;rgs;gif;jpg;jpeg;jpe;resx;tiff;tif;png;wav</Extensions>
    </Filter>
    <Filter Include="Source files\Device-specific files">
      <UniqueIdentifier>{1a1287bb-4bcf-40fe-9bcb-b578e11c2403}</UniqueIdentifier>
    </Filter>
    <Filter Include="Source files\Device-specific files\LL">
      <UniqueIdentifier>{7009f3d3-3482-4fa0-a78b-ec6a526bb008}</UniqueIdentifier>
    </Filter>
    <Filter Include="Header files\Device-specific files">
      <UniqueIdentifier>{6bf842c2-1fc2-4c6e-ac04-c42700f3fad7}</UniqueIdentifier>
    </Filter>
    <Filter Include="Header files\Device-specific files\LL">
      <UniqueIdentifier>{f07e487d-bc9b-4b30-b6f1-042ce20da45d}</UniqueIdentifier>
    </Filter>
    <Filter Include="VisualGDB settings">
      <UniqueIdentifier>{f0c56308-8c7b-4577-b07d-0b7f4cf0e301}</UniqueIdentifier>
    </Filter>
  </ItemGroup>
  <ItemGroup>
    <ClCompile Include="STM32G4_SPI_LL.c">
      <Filter>Source files</Filter>
    </ClCompile>
    <ClCompile Include="system_STM32G4xx.c">
      <Filter>Source files</Filter>
    </ClCompile>
    <None Include="stm32.props">
      <Filter>Source files\Device-specific files</Filter>
    </None>
    <ClCompile Include="$(BSP_ROOT)\STM32G4xxxx\StartupFiles\startup_stm32g431xx.c">
      <Filter>Source files\Device-specific files</Filter>
    </ClCompile>
    <ClCompile Include="$(BSP_ROOT)\STM32G4xxxx\STM32G4xx_HAL_Driver\Src\stm32g4xx_ll_adc.c">
      <Filter>Source files\Device-specific files\LL</Filter>
    </ClCompile>
    <ClCompile Include="$(BSP_ROOT)\STM32G4xxxx\STM32G4xx_HAL_Driver\Src\stm32g4xx_ll_comp.c">
      <Filter>Source files\Device-specific files\LL</Filter>
    </ClCompile>
    <ClCompile Include="$(BSP_ROOT)\STM32G4xxxx\STM32G4xx_HAL_Driver\Src\stm32g4xx_ll_cordic.c">
      <Filter>Source files\Device-specific files\LL</Filter>
    </ClCompile>
    <ClCompile Include="$(BSP_ROOT)\STM32G4xxxx\STM32G4xx_HAL_Driver\Src\stm32g4xx_ll_crc.c">
      <Filter>Source files\Device-specific files\LL</Filter>
    </ClCompile>
    <ClCompile Include="$(BSP_ROOT)\STM32G4xxxx\STM32G4xx_HAL_Driver\Src\stm32g4xx_ll_crs.c">
      <Filter>Source files\Device-specific files\LL</Filter>
    </ClCompile>
    <ClCompile Include="$(BSP_ROOT)\STM32G4xxxx\STM32G4xx_HAL_Driver\Src\stm32g4xx_ll_dac.c">
      <Filter>Source files\Device-specific files\LL</Filter>
    </ClCompile>
    <ClCompile Include="$(BSP_ROOT)\STM32G4xxxx\STM32G4xx_HAL_Driver\Src\stm32g4xx_ll_dma.c">
      <Filter>Source files\Device-specific files\LL</Filter>
    </ClCompile>
    <ClCompile Include="$(BSP_ROOT)\STM32G4xxxx\STM32G4xx_HAL_Driver\Src\stm32g4xx_ll_exti.c">
      <Filter>Source files\Device-specific files\LL</Filter>
    </ClCompile>
    <ClCompile Include="$(BSP_ROOT)\STM32G4xxxx\STM32G4xx_HAL_Driver\Src\stm32g4xx_ll_fmac.c">
      <Filter>Source files\Device-specific files\LL</Filter>
    </ClCompile>
    <ClCompile Include="$(BSP_ROOT)\STM32G4xxxx\STM32G4xx_HAL_Driver\Src\stm32g4xx_ll_fmc.c">
      <Filter>Source files\Device-specific files\LL</Filter>
    </ClCompile>
    <ClCompile Include="$(BSP_ROOT)\STM32G4xxxx\STM32G4xx_HAL_Driver\Src\stm32g4xx_ll_gpio.c">
      <Filter>Source files\Device-specific files\LL</Filter>
    </ClCompile>
    <ClCompile Include="$(BSP_ROOT)\STM32G4xxxx\STM32G4xx_HAL_Driver\Src\stm32g4xx_ll_hrtim.c">
      <Filter>Source files\Device-specific files\LL</Filter>
    </ClCompile>
    <ClCompile Include="$(BSP_ROOT)\STM32G4xxxx\STM32G4xx_HAL_Driver\Src\stm32g4xx_ll_i2c.c">
      <Filter>Source files\Device-specific files\LL</Filter>
    </ClCompile>
    <ClCompile Include="$(BSP_ROOT)\STM32G4xxxx\STM32G4xx_HAL_Driver\Src\stm32g4xx_ll_lptim.c">
      <Filter>Source files\Device-specific files\LL</Filter>
    </ClCompile>
    <ClCompile Include="$(BSP_ROOT)\STM32G4xxxx\STM32G4xx_HAL_Driver\Src\stm32g4xx_ll_lpuart.c">
      <Filter>Source files\Device-specific files\LL</Filter>
    </ClCompile>
    <ClCompile Include="$(BSP_ROOT)\STM32G4xxxx\STM32G4xx_HAL_Driver\Src\stm32g4xx_ll_opamp.c">
      <Filter>Source files\Device-specific files\LL</Filter>
    </ClCompile>
    <ClCompile Include="$(BSP_ROOT)\STM32G4xxxx\STM32G4xx_HAL_Driver\Src\stm32g4xx_ll_pwr.c">
      <Filter>Source files\Device-specific files\LL</Filter>
    </ClCompile>
    <ClCompile Include="$(BSP_ROOT)\STM32G4xxxx\STM32G4xx_HAL_Driver\Src\stm32g4xx_ll_rcc.c">
      <Filter>Source files\Device-specific files\LL</Filter>
    </ClCompile>
    <ClCompile Include="$(BSP_ROOT)\STM32G4xxxx\STM32G4xx_HAL_Driver\Src\stm32g4xx_ll_rng.c">
      <Filter>Source files\Device-specific files\LL</Filter>
    </ClCompile>
    <ClCompile Include="$(BSP_ROOT)\STM32G4xxxx\STM32G4xx_HAL_Driver\Src\stm32g4xx_ll_rtc.c">
      <Filter>Source files\Device-specific files\LL</Filter>
    </ClCompile>
    <ClCompile Include="$(BSP_ROOT)\STM32G4xxxx\STM32G4xx_HAL_Driver\Src\stm32g4xx_ll_spi.c">
      <Filter>Source files\Device-specific files\LL</Filter>
    </ClCompile>
    <ClCompile Include="$(BSP_ROOT)\STM32G4xxxx\STM32G4xx_HAL_Driver\Src\stm32g4xx_ll_tim.c">
      <Filter>Source files\Device-specific files\LL</Filter>
    </ClCompile>
    <ClCompile Include="$(BSP_ROOT)\STM32G4xxxx\STM32G4xx_HAL_Driver\Src\stm32g4xx_ll_ucpd.c">
      <Filter>Source files\Device-specific files\LL</Filter>
    </ClCompile>
    <ClCompile Include="$(BSP_ROOT)\STM32G4xxxx\STM32G4xx_HAL_Driver\Src\stm32g4xx_ll_usart.c">
      <Filter>Source files\Device-specific files\LL</Filter>
    </ClCompile>
    <ClCompile Include="$(BSP_ROOT)\STM32G4xxxx\STM32G4xx_HAL_Driver\Src\stm32g4xx_ll_utils.c">
      <Filter>Source files\Device-specific files\LL</Filter>
    </ClCompile>
    <ClInclude Include="STM32G4xx_hal_conf.h">
      <Filter>Header files</Filter>
    </ClInclude>
    <ClInclude Include="$(BSP_ROOT)\STM32G4xxxx\STM32G4xx_HAL_Driver\Inc\stm32g4xx_ll_adc.h">
      <Filter>Header files\Device-specific files\LL</Filter>
    </ClInclude>
    <ClInclude Include="$(BSP_ROOT)\STM32G4xxxx\STM32G4xx_HAL_Driver\Inc\stm32g4xx_ll_bus.h">
      <Filter>Header files\Device-specific files\LL</Filter>
    </ClInclude>
    <ClInclude Include="$(BSP_ROOT)\STM32G4xxxx\STM32G4xx_HAL_Driver\Inc\stm32g4xx_ll_comp.h">
      <Filter>Header files\Device-specific files\LL</Filter>
    </ClInclude>
    <ClInclude Include="$(BSP_ROOT)\STM32G4xxxx\STM32G4xx_HAL_Driver\Inc\stm32g4xx_ll_cordic.h">
      <Filter>Header files\Device-specific files\LL</Filter>
    </ClInclude>
    <ClInclude Include="$(BSP_ROOT)\STM32G4xxxx\STM32G4xx_HAL_Driver\Inc\stm32g4xx_ll_cortex.h">
      <Filter>Header files\Device-specific files\LL</Filter>
    </ClInclude>
    <ClInclude Include="$(BSP_ROOT)\STM32G4xxxx\STM32G4xx_HAL_Driver\Inc\stm32g4xx_ll_crc.h">
      <Filter>Header files\Device-specific files\LL</Filter>
    </ClInclude>
    <ClInclude Include="$(BSP_ROOT)\STM32G4xxxx\STM32G4xx_HAL_Driver\Inc\stm32g4xx_ll_crs.h">
      <Filter>Header files\Device-specific files\LL</Filter>
    </ClInclude>
    <ClInclude Include="$(BSP_ROOT)\STM32G4xxxx\STM32G4xx_HAL_Driver\Inc\stm32g4xx_ll_dac.h">
      <Filter>Header files\Device-specific files\LL</Filter>
    </ClInclude>
    <ClInclude Include="$(BSP_ROOT)\STM32G4xxxx\STM32G4xx_HAL_Driver\Inc\stm32g4xx_ll_dma.h">
      <Filter>Header files\Device-specific files\LL</Filter>
    </ClInclude>
    <ClInclude Include="$(BSP_ROOT)\STM32G4xxxx\STM32G4xx_HAL_Driver\Inc\stm32g4xx_ll_dmamux.h">
      <Filter>Header files\Device-specific files\LL</Filter>
    </ClInclude>
    <ClInclude Include="$(BSP_ROOT)\STM32G4xxxx\STM32G4xx_HAL_Driver\Inc\stm32g4xx_ll_exti.h">
      <Filter>Header files\Device-specific files\LL</Filter>
    </ClInclude>
    <ClInclude Include="$(BSP_ROOT)\STM32G4xxxx\STM32G4xx_HAL_Driver\Inc\stm32g4xx_ll_fmac.h">
      <Filter>Header files\Device-specific files\LL</Filter>
    </ClInclude>
    <ClInclude Include="$(BSP_ROOT)\STM32G4xxxx\STM32G4xx_HAL_Driver\Inc\stm32g4xx_ll_fmc.h">
      <Filter>Header files\Device-specific files\LL</Filter>
    </ClInclude>
    <ClInclude Include="$(BSP_ROOT)\STM32G4xxxx\STM32G4xx_HAL_Driver\Inc\stm32g4xx_ll_gpio.h">
      <Filter>Header files\Device-specific files\LL</Filter>
    </ClInclude>
    <ClInclude Include="$(BSP_ROOT)\STM32G4xxxx\STM32G4xx_HAL_Driver\Inc\stm32g4xx_ll_hrtim.h">
      <Filter>Header files\Device-specific files\LL</Filter>
    </ClInclude>
    <ClInclude Include="$(BSP_ROOT)\STM32G4xxxx\STM32G4xx_HAL_Driver\Inc\stm32g4xx_ll_i2c.h">
      <Filter>Header files\Device-specific files\LL</Filter>
    </ClInclude>
    <ClInclude Include="$(BSP_ROOT)\STM32G4xxxx\STM32G4xx_HAL_Driver\Inc\stm32g4xx_ll_iwdg.h">
      <Filter>Header files\Device-specific files\LL</Filter>
    </ClInclude>
    <ClInclude Include="$(BSP_ROOT)\STM32G4xxxx\STM32G4xx_HAL_Driver\Inc\stm32g4xx_ll_lptim.h">
      <Filter>Header files\Device-specific files\LL</Filter>
    </ClInclude>
    <ClInclude Include="$(BSP_ROOT)\STM32G4xxxx\STM32G4xx_HAL_Driver\Inc\stm32g4xx_ll_lpuart.h">
      <Filter>Header files\Device-specific files\LL</Filter>
    </ClInclude>
    <ClInclude Include="$(BSP_ROOT)\STM32G4xxxx\STM32G4xx_HAL_Driver\Inc\stm32g4xx_ll_opamp.h">
      <Filter>Header files\Device-specific files\LL</Filter>
    </ClInclude>
    <ClInclude Include="$(BSP_ROOT)\STM32G4xxxx\STM32G4xx_HAL_Driver\Inc\stm32g4xx_ll_pwr.h">
      <Filter>Header files\Device-specific files\LL</Filter>
    </ClInclude>
    <ClInclude Include="$(BSP_ROOT)\STM32G4xxxx\STM32G4xx_HAL_Driver\Inc\stm32g4xx_ll_rcc.h">
      <Filter>Header files\Device-specific files\LL</Filter>
    </ClInclude>
    <ClInclude Include="$(BSP_ROOT)\STM32G4xxxx\STM32G4xx_HAL_Driver\Inc\stm32g4xx_ll_rng.h">
      <Filter>Header files\Device-specific files\LL</Filter>
    </ClInclude>
    <ClInclude Include="$(BSP_ROOT)\STM32G4xxxx\STM32G4xx_HAL_Driver\Inc\stm32g4xx_ll_rtc.h">
      <Filter>Header files\Device-specific files\LL</Filter>
    </ClInclude>
    <ClInclude Include="$(BSP_ROOT)\STM32G4xxxx\STM32G4xx_HAL_Driver\Inc\stm32g4xx_ll_spi.h">
      <Filter>Header files\Device-specific files\LL</Filter>
    </ClInclude>
    <ClInclude Include="$(BSP_ROOT)\STM32G4xxxx\STM32G4xx_HAL_Driver\Inc\stm32g4xx_ll_system.h">
      <Filter>Header files\Device-specific files\LL</Filter>
    </ClInclude>
    <ClInclude Include="$(BSP_ROOT)\STM32G4xxxx\STM32G4xx_HAL_Driver\Inc\stm32g4xx_ll_tim.h">
      <Filter>Header files\Device-specific files\LL</Filter>
    </ClInclude>
    <ClInclude Include="$(BSP_ROOT)\STM32G4xxxx\STM32G4xx_HAL_Driver\Inc\stm32g4xx_ll_ucpd.h">
      <Filter>Header files\Device-specific files\LL</Filter>
    </ClInclude>
    <ClInclude Include="$(BSP_ROOT)\STM32G4xxxx\STM32G4xx_HAL_Driver\Inc\stm32g4xx_ll_usart.h">
      <Filter>Header files\Device-specific files\LL</Filter>
    </ClInclude>
    <ClInclude Include="$(BSP_ROOT)\STM32G4xxxx\STM32G4xx_HAL_Driver\Inc\stm32g4xx_ll_utils.h">
      <Filter>Header files\Device-specific files\LL</Filter>
    </ClInclude>
    <ClInclude Include="$(BSP_ROOT)\STM32G4xxxx\STM32G4xx_HAL_Driver\Inc\stm32g4xx_ll_wwdg.h">
      <Filter>Header files\Device-specific files\LL</Filter>
    </ClInclude>
    <None Include="STM32G4_SPI_LL-Debug.vgdbsettings">
      <Filter>VisualGDB settings</Filter>
    </None>
    <None Include="STM32G4_SPI_LL-Release.vgdbsettings">
      <Filter>VisualGDB settings</Filter>
    </None>
    <None Include="stm32.xml">
      <Filter>VisualGDB settings</Filter>
    </None>
    <ClCompile Include="STM32_COMM_LIBS\CL_delay.c">
      <Filter>Source files</Filter>
    </ClCompile>
    <ClCompile Include="STM32_COMM_LIBS\CL_printMsg.c">
      <Filter>Source files</Filter>
    </ClCompile>
    <ClCompile Include="STM32_COMM_LIBS\CL_systemClockUpdate.c">
      <Filter>Source files</Filter>
    </ClCompile>
  </ItemGroup>
  <ItemGroup>
    <ClInclude Include="STM32_COMM_LIBS\CL_CONFIG.h">
      <Filter>Header files</Filter>
    </ClInclude>
    <ClInclude Include="STM32_COMM_LIBS\CL_delay.h">
      <Filter>Header files</Filter>
    </ClInclude>
    <ClInclude Include="STM32_COMM_LIBS\CL_printMsg.h">
      <Filter>Header files</Filter>
    </ClInclude>
    <ClInclude Include="STM32_COMM_LIBS\CL_systemClockUpdate.h">
      <Filter>Header files</Filter>
    </ClInclude>
  </ItemGroup>
</Project>